// !$*UTF8*$!
{
	archiveVersion = 1;
	classes = {
	};
	objectVersion = 55;
	objects = {

/* Begin PBXBuildFile section */
		C8836FAC288F8802002B2ABD /* VariousAnimationViewController.swift in Sources */ = {isa = PBXBuildFile; fileRef = C8836FAB288F8802002B2ABD /* VariousAnimationViewController.swift */; };
		C8DC91DF288A419B002FFBC9 /* AppDelegate.swift in Sources */ = {isa = PBXBuildFile; fileRef = C8DC91DE288A419B002FFBC9 /* AppDelegate.swift */; };
		C8DC91E1288A419B002FFBC9 /* SceneDelegate.swift in Sources */ = {isa = PBXBuildFile; fileRef = C8DC91E0288A419B002FFBC9 /* SceneDelegate.swift */; };
		C8DC91E3288A419B002FFBC9 /* MainViewController.swift in Sources */ = {isa = PBXBuildFile; fileRef = C8DC91E2288A419B002FFBC9 /* MainViewController.swift */; };
		C8DC91E8288A41A3002FFBC9 /* Assets.xcassets in Resources */ = {isa = PBXBuildFile; fileRef = C8DC91E7288A41A3002FFBC9 /* Assets.xcassets */; };
		C8DC91EB288A41A3002FFBC9 /* LaunchScreen.storyboard in Resources */ = {isa = PBXBuildFile; fileRef = C8DC91E9288A41A3002FFBC9 /* LaunchScreen.storyboard */; };
		C8DC91F5288A6696002FFBC9 /* lottie_hello.json in Resources */ = {isa = PBXBuildFile; fileRef = C8DC91F4288A6696002FFBC9 /* lottie_hello.json */; };
		C8DC91F8288A6754002FFBC9 /* LottieViewController.swift in Sources */ = {isa = PBXBuildFile; fileRef = C8DC91F7288A6754002FFBC9 /* LottieViewController.swift */; };
		C8DC91FA288A6789002FFBC9 /* AnimationViewController.swift in Sources */ = {isa = PBXBuildFile; fileRef = C8DC91F9288A6789002FFBC9 /* AnimationViewController.swift */; };
		C8DC91FD288A6992002FFBC9 /* Lottie in Frameworks */ = {isa = PBXBuildFile; productRef = C8DC91FC288A6992002FFBC9 /* Lottie */; };
/* End PBXBuildFile section */

/* Begin PBXFileReference section */
		C8836FAB288F8802002B2ABD /* VariousAnimationViewController.swift */ = {isa = PBXFileReference; lastKnownFileType = sourcecode.swift; path = VariousAnimationViewController.swift; sourceTree = "<group>"; };
		C8DC91DB288A419B002FFBC9 /* FlyEmojiAnimationSample.app */ = {isa = PBXFileReference; explicitFileType = wrapper.application; includeInIndex = 0; path = FlyEmojiAnimationSample.app; sourceTree = BUILT_PRODUCTS_DIR; };
		C8DC91DE288A419B002FFBC9 /* AppDelegate.swift */ = {isa = PBXFileReference; lastKnownFileType = sourcecode.swift; path = AppDelegate.swift; sourceTree = "<group>"; };
		C8DC91E0288A419B002FFBC9 /* SceneDelegate.swift */ = {isa = PBXFileReference; lastKnownFileType = sourcecode.swift; path = SceneDelegate.swift; sourceTree = "<group>"; };
		C8DC91E2288A419B002FFBC9 /* MainViewController.swift */ = {isa = PBXFileReference; lastKnownFileType = sourcecode.swift; path = MainViewController.swift; sourceTree = "<group>"; };
		C8DC91E7288A41A3002FFBC9 /* Assets.xcassets */ = {isa = PBXFileReference; lastKnownFileType = folder.assetcatalog; path = Assets.xcassets; sourceTree = "<group>"; };
		C8DC91EA288A41A3002FFBC9 /* Base */ = {isa = PBXFileReference; lastKnownFileType = file.storyboard; name = Base; path = Base.lproj/LaunchScreen.storyboard; sourceTree = "<group>"; };
		C8DC91EC288A41A3002FFBC9 /* Info.plist */ = {isa = PBXFileReference; lastKnownFileType = text.plist.xml; path = Info.plist; sourceTree = "<group>"; };
		C8DC91F4288A6696002FFBC9 /* lottie_hello.json */ = {isa = PBXFileReference; fileEncoding = 4; lastKnownFileType = text.json; path = lottie_hello.json; sourceTree = "<group>"; };
		C8DC91F7288A6754002FFBC9 /* LottieViewController.swift */ = {isa = PBXFileReference; lastKnownFileType = sourcecode.swift; path = LottieViewController.swift; sourceTree = "<group>"; };
		C8DC91F9288A6789002FFBC9 /* AnimationViewController.swift */ = {isa = PBXFileReference; lastKnownFileType = sourcecode.swift; path = AnimationViewController.swift; sourceTree = "<group>"; };
/* End PBXFileReference section */

/* Begin PBXFrameworksBuildPhase section */
		C8DC91D8288A419B002FFBC9 /* Frameworks */ = {
			isa = PBXFrameworksBuildPhase;
			buildActionMask = 2147483647;
			files = (
				C8DC91FD288A6992002FFBC9 /* Lottie in Frameworks */,
			);
			runOnlyForDeploymentPostprocessing = 0;
		};
/* End PBXFrameworksBuildPhase section */

/* Begin PBXGroup section */
		C8DC91D2288A419B002FFBC9 = {
			isa = PBXGroup;
			children = (
				C8DC91DD288A419B002FFBC9 /* FlyEmojiAnimationSample */,
				C8DC91DC288A419B002FFBC9 /* Products */,
			);
			sourceTree = "<group>";
		};
		C8DC91DC288A419B002FFBC9 /* Products */ = {
			isa = PBXGroup;
			children = (
				C8DC91DB288A419B002FFBC9 /* FlyEmojiAnimationSample.app */,
			);
			name = Products;
			sourceTree = "<group>";
		};
		C8DC91DD288A419B002FFBC9 /* FlyEmojiAnimationSample */ = {
			isa = PBXGroup;
			children = (
				C8DC91E2288A419B002FFBC9 /* MainViewController.swift */,
				C8DC91F7288A6754002FFBC9 /* LottieViewController.swift */,
				C8DC91F9288A6789002FFBC9 /* AnimationViewController.swift */,
				C8836FAB288F8802002B2ABD /* VariousAnimationViewController.swift */,
				C8DC91F2288A42C0002FFBC9 /* Assets */,
				C8DC91FE288A69DE002FFBC9 /* Supporting Files */,
			);
			path = FlyEmojiAnimationSample;
			sourceTree = "<group>";
		};
		C8DC91F2288A42C0002FFBC9 /* Assets */ = {
			isa = PBXGroup;
			children = (
				C8DC91F3288A667F002FFBC9 /* Animations */,
				C8DC91E7288A41A3002FFBC9 /* Assets.xcassets */,
			);
			name = Assets;
			sourceTree = "<group>";
		};
		C8DC91F3288A667F002FFBC9 /* Animations */ = {
			isa = PBXGroup;
			children = (
				C8DC91F4288A6696002FFBC9 /* lottie_hello.json */,
			);
			path = Animations;
			sourceTree = "<group>";
		};
		C8DC91FE288A69DE002FFBC9 /* Supporting Files */ = {
			isa = PBXGroup;
			children = (
				C8DC91DE288A419B002FFBC9 /* AppDelegate.swift */,
				C8DC91E0288A419B002FFBC9 /* SceneDelegate.swift */,
				C8DC91E9288A41A3002FFBC9 /* LaunchScreen.storyboard */,
				C8DC91EC288A41A3002FFBC9 /* Info.plist */,
			);
			name = "Supporting Files";
			sourceTree = "<group>";
		};
/* End PBXGroup section */

/* Begin PBXNativeTarget section */
		C8DC91DA288A419B002FFBC9 /* FlyEmojiAnimationSample */ = {
			isa = PBXNativeTarget;
			buildConfigurationList = C8DC91EF288A41A3002FFBC9 /* Build configuration list for PBXNativeTarget "FlyEmojiAnimationSample" */;
			buildPhases = (
				C8DC91D7288A419B002FFBC9 /* Sources */,
				C8DC91D8288A419B002FFBC9 /* Frameworks */,
				C8DC91D9288A419B002FFBC9 /* Resources */,
			);
			buildRules = (
			);
			dependencies = (
			);
			name = FlyEmojiAnimationSample;
			packageProductDependencies = (
				C8DC91FC288A6992002FFBC9 /* Lottie */,
			);
			productName = FlyEmojiAnimationSample;
			productReference = C8DC91DB288A419B002FFBC9 /* FlyEmojiAnimationSample.app */;
			productType = "com.apple.product-type.application";
		};
/* End PBXNativeTarget section */

/* Begin PBXProject section */
		C8DC91D3288A419B002FFBC9 /* Project object */ = {
			isa = PBXProject;
			attributes = {
				BuildIndependentTargetsInParallel = 1;
				LastSwiftUpdateCheck = 1340;
				LastUpgradeCheck = 1340;
				TargetAttributes = {
					C8DC91DA288A419B002FFBC9 = {
						CreatedOnToolsVersion = 13.4.1;
					};
				};
			};
			buildConfigurationList = C8DC91D6288A419B002FFBC9 /* Build configuration list for PBXProject "FlyEmojiAnimationSample" */;
			compatibilityVersion = "Xcode 13.0";
			developmentRegion = en;
			hasScannedForEncodings = 0;
			knownRegions = (
				en,
				Base,
			);
			mainGroup = C8DC91D2288A419B002FFBC9;
			packageReferences = (
				C8DC91FB288A6992002FFBC9 /* XCRemoteSwiftPackageReference "lottie-ios" */,
			);
			productRefGroup = C8DC91DC288A419B002FFBC9 /* Products */;
			projectDirPath = "";
			projectRoot = "";
			targets = (
				C8DC91DA288A419B002FFBC9 /* FlyEmojiAnimationSample */,
			);
		};
/* End PBXProject section */

/* Begin PBXResourcesBuildPhase section */
		C8DC91D9288A419B002FFBC9 /* Resources */ = {
			isa = PBXResourcesBuildPhase;
			buildActionMask = 2147483647;
			files = (
				C8DC91F5288A6696002FFBC9 /* lottie_hello.json in Resources */,
				C8DC91EB288A41A3002FFBC9 /* LaunchScreen.storyboard in Resources */,
				C8DC91E8288A41A3002FFBC9 /* Assets.xcassets in Resources */,
			);
			runOnlyForDeploymentPostprocessing = 0;
		};
/* End PBXResourcesBuildPhase section */

/* Begin PBXSourcesBuildPhase section */
		C8DC91D7288A419B002FFBC9 /* Sources */ = {
			isa = PBXSourcesBuildPhase;
			buildActionMask = 2147483647;
			files = (
				C8836FAC288F8802002B2ABD /* VariousAnimationViewController.swift in Sources */,
				C8DC91E3288A419B002FFBC9 /* MainViewController.swift in Sources */,
				C8DC91F8288A6754002FFBC9 /* LottieViewController.swift in Sources */,
				C8DC91FA288A6789002FFBC9 /* AnimationViewController.swift in Sources */,
				C8DC91DF288A419B002FFBC9 /* AppDelegate.swift in Sources */,
				C8DC91E1288A419B002FFBC9 /* SceneDelegate.swift in Sources */,
			);
			runOnlyForDeploymentPostprocessing = 0;
		};
/* End PBXSourcesBuildPhase section */

/* Begin PBXVariantGroup section */
		C8DC91E9288A41A3002FFBC9 /* LaunchScreen.storyboard */ = {
			isa = PBXVariantGroup;
			children = (
				C8DC91EA288A41A3002FFBC9 /* Base */,
			);
			name = LaunchScreen.storyboard;
			sourceTree = "<group>";
		};
/* End PBXVariantGroup section */

/* Begin XCBuildConfiguration section */
		C8DC91ED288A41A3002FFBC9 /* Debug */ = {
			isa = XCBuildConfiguration;
			buildSettings = {
				ALWAYS_SEARCH_USER_PATHS = NO;
				CLANG_ANALYZER_NONNULL = YES;
				CLANG_ANALYZER_NUMBER_OBJECT_CONVERSION = YES_AGGRESSIVE;
				CLANG_CXX_LANGUAGE_STANDARD = "gnu++17";
				CLANG_ENABLE_MODULES = YES;
				CLANG_ENABLE_OBJC_ARC = YES;
				CLANG_ENABLE_OBJC_WEAK = YES;
				CLANG_WARN_BLOCK_CAPTURE_AUTORELEASING = YES;
				CLANG_WARN_BOOL_CONVERSION = YES;
				CLANG_WARN_COMMA = YES;
				CLANG_WARN_CONSTANT_CONVERSION = YES;
				CLANG_WARN_DEPRECATED_OBJC_IMPLEMENTATIONS = YES;
				CLANG_WARN_DIRECT_OBJC_ISA_USAGE = YES_ERROR;
				CLANG_WARN_DOCUMENTATION_COMMENTS = YES;
				CLANG_WARN_EMPTY_BODY = YES;
				CLANG_WARN_ENUM_CONVERSION = YES;
				CLANG_WARN_INFINITE_RECURSION = YES;
				CLANG_WARN_INT_CONVERSION = YES;
				CLANG_WARN_NON_LITERAL_NULL_CONVERSION = YES;
				CLANG_WARN_OBJC_IMPLICIT_RETAIN_SELF = YES;
				CLANG_WARN_OBJC_LITERAL_CONVERSION = YES;
				CLANG_WARN_OBJC_ROOT_CLASS = YES_ERROR;
				CLANG_WARN_QUOTED_INCLUDE_IN_FRAMEWORK_HEADER = YES;
				CLANG_WARN_RANGE_LOOP_ANALYSIS = YES;
				CLANG_WARN_STRICT_PROTOTYPES = YES;
				CLANG_WARN_SUSPICIOUS_MOVE = YES;
				CLANG_WARN_UNGUARDED_AVAILABILITY = YES_AGGRESSIVE;
				CLANG_WARN_UNREACHABLE_CODE = YES;
				CLANG_WARN__DUPLICATE_METHOD_MATCH = YES;
				COPY_PHASE_STRIP = NO;
				DEBUG_INFORMATION_FORMAT = dwarf;
				ENABLE_STRICT_OBJC_MSGSEND = YES;
				ENABLE_TESTABILITY = YES;
				GCC_C_LANGUAGE_STANDARD = gnu11;
				GCC_DYNAMIC_NO_PIC = NO;
				GCC_NO_COMMON_BLOCKS = YES;
				GCC_OPTIMIZATION_LEVEL = 0;
				GCC_PREPROCESSOR_DEFINITIONS = (
					"DEBUG=1",
					"$(inherited)",
				);
				GCC_WARN_64_TO_32_BIT_CONVERSION = YES;
				GCC_WARN_ABOUT_RETURN_TYPE = YES_ERROR;
				GCC_WARN_UNDECLARED_SELECTOR = YES;
				GCC_WARN_UNINITIALIZED_AUTOS = YES_AGGRESSIVE;
				GCC_WARN_UNUSED_FUNCTION = YES;
				GCC_WARN_UNUSED_VARIABLE = YES;
				IPHONEOS_DEPLOYMENT_TARGET = 15.5;
				MTL_ENABLE_DEBUG_INFO = INCLUDE_SOURCE;
				MTL_FAST_MATH = YES;
				ONLY_ACTIVE_ARCH = YES;
				SDKROOT = iphoneos;
				SWIFT_ACTIVE_COMPILATION_CONDITIONS = DEBUG;
				SWIFT_OPTIMIZATION_LEVEL = "-Onone";
			};
			name = Debug;
		};
		C8DC91EE288A41A3002FFBC9 /* Release */ = {
			isa = XCBuildConfiguration;
			buildSettings = {
				ALWAYS_SEARCH_USER_PATHS = NO;
				CLANG_ANALYZER_NONNULL = YES;
				CLANG_ANALYZER_NUMBER_OBJECT_CONVERSION = YES_AGGRESSIVE;
				CLANG_CXX_LANGUAGE_STANDARD = "gnu++17";
				CLANG_ENABLE_MODULES = YES;
				CLANG_ENABLE_OBJC_ARC = YES;
				CLANG_ENABLE_OBJC_WEAK = YES;
				CLANG_WARN_BLOCK_CAPTURE_AUTORELEASING = YES;
				CLANG_WARN_BOOL_CONVERSION = YES;
				CLANG_WARN_COMMA = YES;
				CLANG_WARN_CONSTANT_CONVERSION = YES;
				CLANG_WARN_DEPRECATED_OBJC_IMPLEMENTATIONS = YES;
				CLANG_WARN_DIRECT_OBJC_ISA_USAGE = YES_ERROR;
				CLANG_WARN_DOCUMENTATION_COMMENTS = YES;
				CLANG_WARN_EMPTY_BODY = YES;
				CLANG_WARN_ENUM_CONVERSION = YES;
				CLANG_WARN_INFINITE_RECURSION = YES;
				CLANG_WARN_INT_CONVERSION = YES;
				CLANG_WARN_NON_LITERAL_NULL_CONVERSION = YES;
				CLANG_WARN_OBJC_IMPLICIT_RETAIN_SELF = YES;
				CLANG_WARN_OBJC_LITERAL_CONVERSION = YES;
				CLANG_WARN_OBJC_ROOT_CLASS = YES_ERROR;
				CLANG_WARN_QUOTED_INCLUDE_IN_FRAMEWORK_HEADER = YES;
				CLANG_WARN_RANGE_LOOP_ANALYSIS = YES;
				CLANG_WARN_STRICT_PROTOTYPES = YES;
				CLANG_WARN_SUSPICIOUS_MOVE = YES;
				CLANG_WARN_UNGUARDED_AVAILABILITY = YES_AGGRESSIVE;
				CLANG_WARN_UNREACHABLE_CODE = YES;
				CLANG_WARN__DUPLICATE_METHOD_MATCH = YES;
				COPY_PHASE_STRIP = NO;
				DEBUG_INFORMATION_FORMAT = "dwarf-with-dsym";
				ENABLE_NS_ASSERTIONS = NO;
				ENABLE_STRICT_OBJC_MSGSEND = YES;
				GCC_C_LANGUAGE_STANDARD = gnu11;
				GCC_NO_COMMON_BLOCKS = YES;
				GCC_WARN_64_TO_32_BIT_CONVERSION = YES;
				GCC_WARN_ABOUT_RETURN_TYPE = YES_ERROR;
				GCC_WARN_UNDECLARED_SELECTOR = YES;
				GCC_WARN_UNINITIALIZED_AUTOS = YES_AGGRESSIVE;
				GCC_WARN_UNUSED_FUNCTION = YES;
				GCC_WARN_UNUSED_VARIABLE = YES;
				IPHONEOS_DEPLOYMENT_TARGET = 15.5;
				MTL_ENABLE_DEBUG_INFO = NO;
				MTL_FAST_MATH = YES;
				SDKROOT = iphoneos;
				SWIFT_COMPILATION_MODE = wholemodule;
				SWIFT_OPTIMIZATION_LEVEL = "-O";
				VALIDATE_PRODUCT = YES;
			};
			name = Release;
		};
		C8DC91F0288A41A3002FFBC9 /* Debug */ = {
			isa = XCBuildConfiguration;
			buildSettings = {
				ASSETCATALOG_COMPILER_APPICON_NAME = AppIcon;
				ASSETCATALOG_COMPILER_GLOBAL_ACCENT_COLOR_NAME = AccentColor;
				CODE_SIGN_STYLE = Automatic;
				CURRENT_PROJECT_VERSION = 1;
				GENERATE_INFOPLIST_FILE = YES;
				INFOPLIST_FILE = FlyEmojiAnimationSample/Info.plist;
				INFOPLIST_KEY_UIApplicationSupportsIndirectInputEvents = YES;
				INFOPLIST_KEY_UILaunchStoryboardName = LaunchScreen;
				INFOPLIST_KEY_UISupportedInterfaceOrientations_iPad = "UIInterfaceOrientationPortrait UIInterfaceOrientationPortraitUpsideDown UIInterfaceOrientationLandscapeLeft UIInterfaceOrientationLandscapeRight";
				INFOPLIST_KEY_UISupportedInterfaceOrientations_iPhone = "UIInterfaceOrientationPortrait UIInterfaceOrientationLandscapeLeft UIInterfaceOrientationLandscapeRight";
				LD_RUNPATH_SEARCH_PATHS = (
					"$(inherited)",
					"@executable_path/Frameworks",
				);
				MARKETING_VERSION = 1.0;
				PRODUCT_BUNDLE_IDENTIFIER = com.danmooji.FlyEmojiAnimationSample;
				PRODUCT_NAME = "$(TARGET_NAME)";
				SWIFT_EMIT_LOC_STRINGS = YES;
				SWIFT_VERSION = 5.0;
				TARGETED_DEVICE_FAMILY = "1,2";
			};
			name = Debug;
		};
		C8DC91F1288A41A3002FFBC9 /* Release */ = {
			isa = XCBuildConfiguration;
			buildSettings = {
				ASSETCATALOG_COMPILER_APPICON_NAME = AppIcon;
				ASSETCATALOG_COMPILER_GLOBAL_ACCENT_COLOR_NAME = AccentColor;
				CODE_SIGN_STYLE = Automatic;
				CURRENT_PROJECT_VERSION = 1;
				GENERATE_INFOPLIST_FILE = YES;
				INFOPLIST_FILE = FlyEmojiAnimationSample/Info.plist;
				INFOPLIST_KEY_UIApplicationSupportsIndirectInputEvents = YES;
				INFOPLIST_KEY_UILaunchStoryboardName = LaunchScreen;
				INFOPLIST_KEY_UISupportedInterfaceOrientations_iPad = "UIInterfaceOrientationPortrait UIInterfaceOrientationPortraitUpsideDown UIInterfaceOrientationLandscapeLeft UIInterfaceOrientationLandscapeRight";
				INFOPLIST_KEY_UISupportedInterfaceOrientations_iPhone = "UIInterfaceOrientationPortrait UIInterfaceOrientationLandscapeLeft UIInterfaceOrientationLandscapeRight";
				LD_RUNPATH_SEARCH_PATHS = (
					"$(inherited)",
					"@executable_path/Frameworks",
				);
				MARKETING_VERSION = 1.0;
				PRODUCT_BUNDLE_IDENTIFIER = com.danmooji.FlyEmojiAnimationSample;
				PRODUCT_NAME = "$(TARGET_NAME)";
				SWIFT_EMIT_LOC_STRINGS = YES;
				SWIFT_VERSION = 5.0;
				TARGETED_DEVICE_FAMILY = "1,2";
			};
			name = Release;
		};
/* End XCBuildConfiguration section */

/* Begin XCConfigurationList section */
		C8DC91D6288A419B002FFBC9 /* Build configuration list for PBXProject "FlyEmojiAnimationSample" */ = {
			isa = XCConfigurationList;
			buildConfigurations = (
				C8DC91ED288A41A3002FFBC9 /* Debug */,
				C8DC91EE288A41A3002FFBC9 /* Release */,
			);
			defaultConfigurationIsVisible = 0;
			defaultConfigurationName = Release;
		};
		C8DC91EF288A41A3002FFBC9 /* Build configuration list for PBXNativeTarget "FlyEmojiAnimationSample" */ = {
			isa = XCConfigurationList;
			buildConfigurations = (
				C8DC91F0288A41A3002FFBC9 /* Debug */,
				C8DC91F1288A41A3002FFBC9 /* Release */,
			);
			defaultConfigurationIsVisible = 0;
			defaultConfigurationName = Release;
		};
/* End XCConfigurationList section */

/* Begin XCRemoteSwiftPackageReference section */
		C8DC91FB288A6992002FFBC9 /* XCRemoteSwiftPackageReference "lottie-ios" */ = {
			isa = XCRemoteSwiftPackageReference;
			repositoryURL = "https://github.com/airbnb/lottie-ios";
			requirement = {
				kind = upToNextMajorVersion;
				minimumVersion = 3.0.0;
			};
		};
/* End XCRemoteSwiftPackageReference section */

/* Begin XCSwiftPackageProductDependency section */
		C8DC91FC288A6992002FFBC9 /* Lottie */ = {
			isa = XCSwiftPackageProductDependency;
			package = C8DC91FB288A6992002FFBC9 /* XCRemoteSwiftPackageReference "lottie-ios" */;
			productName = Lottie;
		};
/* End XCSwiftPackageProductDependency section */
	};
	rootObject = C8DC91D3288A419B002FFBC9 /* Project object */;
}
